
Microsoft Visual Studio Solution File, Format Version 12.00
# Visual Studio Version 17
VisualStudioVersion = 17.14.36414.22 d17.14
MinimumVisualStudioVersion = 10.0.40219.1
Project("{FAE04EC0-301F-11D3-BF4B-00C04F79EFBC}") = "FormHandler", "FormHandler.csproj", "{7D1B108E-1106-41E3-A3AA-0E376CFE0203}"
EndProject
Global
	GlobalSection(SolutionConfigurationPlatforms) = preSolution
		Debug|Any CPU = Debug|Any CPU
		Release|Any CPU = Release|Any CPU
	EndGlobalSection
	GlobalSection(ProjectConfigurationPlatforms) = postSolution
		{7D1B108E-1106-41E3-A3AA-0E376CFE0203}.Debug|Any CPU.ActiveCfg = Debug|Any CPU
		{7D1B108E-1106-41E3-A3AA-0E376CFE0203}.Debug|Any CPU.Build.0 = Debug|Any CPU
		{7D1B108E-1106-41E3-A3AA-0E376CFE0203}.Release|Any CPU.ActiveCfg = Release|Any CPU
		{7D1B108E-1106-41E3-A3AA-0E376CFE0203}.Release|Any CPU.Build.0 = Release|Any CPU
	EndGlobalSection
	GlobalSection(SolutionProperties) = preSolution
		HideSolutionNode = FALSE
	EndGlobalSection
	GlobalSection(ExtensibilityGlobals) = postSolution
		SolutionGuid = {F51FFFE6-BA15-4C09-8D45-441E90A19D11}
	EndGlobalSection
EndGlobal
